<?xml version="1.0" encoding="utf-8"?>
<Project ToolsVersion="4.0" xmlns="http://schemas.microsoft.com/developer/msbuild/2003">
  <ItemGroup>
    <ClCompile Include="character.cpp" />
    <ClCompile Include="gameConfig.cpp" />
    <ClCompile Include="host\FolderWatcher-win.cpp">
      <Filter>host</Filter>
    </ClCompile>
    <ClCompile Include="host\GlutHost.cpp">
      <Filter>host</Filter>
    </ClCompile>
    <ClCompile Include="host\GlutHostMain.cpp">
      <Filter>host</Filter>
    </ClCompile>
    <ClCompile Include="host\ParticlePresets.cpp">
      <Filter>host</Filter>
    </ClCompile>
    <ClCompile Include="stdafx.cpp" />
    <ClCompile Include="pathfinding\pathfinder.cpp">
      <Filter>pathfinder</Filter>
    </ClCompile>
    <ClCompile Include="grid.cpp" />
    <ClCompile Include="navmesh.cpp" />
    <ClCompile Include="obstacleavoidance_steering.cpp" />
    <ClCompile Include="obstaclepath_steering.cpp" />
    <ClCompile Include="params.cpp" />
    <ClCompile Include="pathfollowing_steering.cpp" />
    <ClCompile Include="steering.cpp" />
    <ClCompile Include="aligntomovement_steering.cpp" />
    <ClCompile Include="seek_steering.cpp" />
    <ClCompile Include="align_steering.cpp" />
    <ClCompile Include="SM\state.cpp">
      <Filter>SM</Filter>
    </ClCompile>
    <ClCompile Include="SM\transition.cpp">
      <Filter>SM</Filter>
    </ClCompile>
    <ClCompile Include="SM\statemachine.cpp">
      <Filter>SM</Filter>
    </ClCompile>
    <ClCompile Include="SM\action_alarm_delay.cpp">
      <Filter>SM\actions</Filter>
    </ClCompile>
    <ClCompile Include="SM\action_change_image.cpp">
      <Filter>SM\actions</Filter>
    </ClCompile>
    <ClCompile Include="SM\action_find_target.cpp">
      <Filter>SM\actions</Filter>
    </ClCompile>
    <ClCompile Include="SM\action_none.cpp">
      <Filter>SM\actions</Filter>
    </ClCompile>
    <ClCompile Include="SM\condition_found_target.cpp">
      <Filter>SM\conditions</Filter>
    </ClCompile>
    <ClCompile Include="SM\condition_and.cpp">
      <Filter>SM\conditions</Filter>
    </ClCompile>
    <ClCompile Include="SM\condition_not.cpp">
      <Filter>SM\conditions</Filter>
    </ClCompile>
    <ClCompile Include="SM\action_follow_target.cpp">
      <Filter>SM\actions</Filter>
    </ClCompile>
    <ClCompile Include="SM\condition_has_reached.cpp">
      <Filter>SM\conditions</Filter>
    </ClCompile>
    <ClCompile Include="arrive_steering.cpp" />
    <ClCompile Include="SM\condition_can_move.cpp">
      <Filter>SM\conditions</Filter>
    </ClCompile>
  </ItemGroup>
  <ItemGroup>
    <ClInclude Include="character.h" />
    <ClInclude Include="gameConfig.h" />
    <ClInclude Include="host\FolderWatcher-win.h">
      <Filter>host</Filter>
    </ClInclude>
    <ClInclude Include="host\GlutHost.h">
      <Filter>host</Filter>
    </ClInclude>
    <ClInclude Include="host\ParticlePresets.h">
      <Filter>host</Filter>
    </ClInclude>
    <ClInclude Include="stdafx.h" />
    <ClInclude Include="pathfinding\pathfinder.h">
      <Filter>pathfinder</Filter>
    </ClInclude>
    <ClInclude Include="grid.h" />
    <ClInclude Include="navmesh.h" />
    <ClInclude Include="obstacleavoidance_steering.h" />
    <ClInclude Include="obstaclepath_steering.h" />
    <ClInclude Include="params.h" />
    <ClInclude Include="pathfollowing_steering.h" />
    <ClInclude Include="steering.h" />
    <ClInclude Include="aligntomovement_steering.h" />
    <ClInclude Include="seek_steering.h" />
    <ClInclude Include="align_steering.h" />
    <ClInclude Include="SM\state.h">
      <Filter>SM</Filter>
    </ClInclude>
    <ClInclude Include="SM\transition.h">
      <Filter>SM</Filter>
    </ClInclude>
    <ClInclude Include="SM\statemachine.h">
      <Filter>SM</Filter>
    </ClInclude>
    <ClInclude Include="SM\action.h">
      <Filter>SM\actions</Filter>
    </ClInclude>
    <ClInclude Include="SM\action_alarm_delay.h">
      <Filter>SM\actions</Filter>
    </ClInclude>
    <ClInclude Include="SM\action_change_image.h">
      <Filter>SM\actions</Filter>
    </ClInclude>
    <ClInclude Include="SM\action_find_target.h">
      <Filter>SM\actions</Filter>
    </ClInclude>
    <ClInclude Include="SM\action_none.h">
      <Filter>SM\actions</Filter>
    </ClInclude>
    <ClInclude Include="SM\condition.h">
      <Filter>SM\conditions</Filter>
    </ClInclude>
    <ClInclude Include="SM\condition_found_target.h">
      <Filter>SM\conditions</Filter>
    </ClInclude>
    <ClInclude Include="SM\condition_and.h">
      <Filter>SM\conditions</Filter>
    </ClInclude>
    <ClInclude Include="SM\condition_not.h">
      <Filter>SM\conditions</Filter>
    </ClInclude>
    <ClInclude Include="SM\action_follow_target.h">
      <Filter>SM\actions</Filter>
    </ClInclude>
    <ClInclude Include="SM\condition_has_reached.h">
      <Filter>SM\conditions</Filter>
    </ClInclude>
    <ClInclude Include="arrive_steering.h" />
    <ClInclude Include="SM\condition_can_move.h">
      <Filter>SM\conditions</Filter>
    </ClInclude>
  </ItemGroup>
  <ItemGroup>
    <Filter Include="host">
      <UniqueIdentifier>{87717a51-4516-4c06-a1de-c6b89a5c16e0}</UniqueIdentifier>
    </Filter>
    <Filter Include="sample">
      <UniqueIdentifier>{dafee91e-18b1-4dd7-a488-726565484f1c}</UniqueIdentifier>
    </Filter>
    <Filter Include="pathfinder">
      <UniqueIdentifier>{47ed7435-33e6-42c5-a299-696662ae0eb2}</UniqueIdentifier>
    </Filter>
    <Filter Include="SM">
      <UniqueIdentifier>{82be0a1a-ff12-4853-8e5d-d02886700791}</UniqueIdentifier>
    </Filter>
    <Filter Include="SM\actions">
      <UniqueIdentifier>{8befa058-b117-4808-b853-c0dc590486f7}</UniqueIdentifier>
    </Filter>
    <Filter Include="SM\conditions">
      <UniqueIdentifier>{8bf0b530-fa1c-4e5a-a4da-54e1725d692e}</UniqueIdentifier>
    </Filter>
  </ItemGroup>
  <ItemGroup>
    <None Include="sample\test.lua">
      <Filter>sample</Filter>
    </None>
  </ItemGroup>
</Project>